{
  "name": "tools",
  "version": "1.0.0",
  "lockfileVersion": 3,
  "requires": true,
  "packages": {
    "": {
      "name": "tools",
      "version": "1.0.0",
      "license": "ISC",
      "dependencies": {
        "@chainsafe/bls": "^7.1.2",
        "@chainsafe/lodestar-params": "^0.39.0",
        "@lodestar/config": "^1.11.3",
        "@lodestar/types": "^1.22.0",
        "@noble/bls12-381": "^1.4.0",
        "axios": "^1.5.1",
        "commander": "^11.1.0"
      },
      "devDependencies": {
        "@types/commander": "^2.12.2",
        "@types/node": "^22.7.4",
        "typescript": "^5.6.2"
      }
    },
    "node_modules/@chainsafe/as-sha256": {
      "version": "0.5.0",
      "resolved": "https://registry.npmjs.org/@chainsafe/as-sha256/-/as-sha256-0.5.0.tgz",
      "integrity": "sha512-dTIY6oUZNdC5yDTVP5Qc9hAlKAsn0QTQ2DnQvvsbTnKSTbYs3p5RPN0aIUqN0liXei/9h24c7V0dkV44cnWIQA=="
    },
    "node_modules/@chainsafe/bls": {
      "version": "7.1.3",
      "resolved": "https://registry.npmjs.org/@chainsafe/bls/-/bls-7.1.3.tgz",
      "integrity": "sha512-d21eYdWxDSb63n7nB+viD+3U4yJW8huiKRibJyh8X7btPLoXkvtmDf7geYyHVbKfLDgbuHkc+b48pfPQkUTLxA==",
      "dependencies": {
        "@chainsafe/bls-keygen": "^0.4.0",
        "bls-eth-wasm": "^0.4.8"
      },
      "engines": {
        "node": ">=14.8.0"
      },
      "peerDependencies": {
        "@chainsafe/blst": "^0.2.4"
      },
      "peerDependenciesMeta": {
        "@chainsafe/blst": {
          "optional": true
        }
      }
    },
    "node_modules/@chainsafe/bls-hd-key": {
      "version": "0.3.0",
      "resolved": "https://registry.npmjs.org/@chainsafe/bls-hd-key/-/bls-hd-key-0.3.0.tgz",
      "integrity": "sha512-LsYYnfBEEmqGFPDm8hQN3Kc+v9wPFnhn+CToD403KEynUiUSHKLAf5B6UCY5eooShDOcaGCUgAUhIw1CmpEf3Q==",
      "dependencies": {
        "@noble/hashes": "^1.0.0"
      }
    },
    "node_modules/@chainsafe/bls-keygen": {
      "version": "0.4.0",
      "resolved": "https://registry.npmjs.org/@chainsafe/bls-keygen/-/bls-keygen-0.4.0.tgz",
      "integrity": "sha512-wqtuj4G/sWpIugJW1mb/nSTwcTuZKqB3DS3ANUIOn7pva8EB6LfxgIL34o4qk3lti/8Mdxqtqc2n4xRszrNdzA==",
      "dependencies": {
        "@chainsafe/bls-hd-key": "^0.3.0",
        "@noble/hashes": "^1.0.0",
        "@scure/bip39": "^1.0.0"
      }
    },
    "node_modules/@chainsafe/hashtree": {
      "version": "1.0.1",
      "resolved": "https://registry.npmjs.org/@chainsafe/hashtree/-/hashtree-1.0.1.tgz",
      "integrity": "sha512-bleu9FjqBeR/l6W1u2Lz+HsS0b0LLJX2eUt3hOPBN7VqOhidx8wzkVh2S7YurS+iTQtfdK4K5QU9tcTGNrGwDg==",
      "engines": {
        "node": ">= 18"
      },
      "optionalDependencies": {
        "@chainsafe/hashtree-darwin-arm64": "1.0.1",
        "@chainsafe/hashtree-linux-arm64-gnu": "1.0.1",
        "@chainsafe/hashtree-linux-x64-gnu": "1.0.1"
      }
    },
    "node_modules/@chainsafe/hashtree-darwin-arm64": {
      "version": "1.0.1",
      "resolved": "https://registry.npmjs.org/@chainsafe/hashtree-darwin-arm64/-/hashtree-darwin-arm64-1.0.1.tgz",
      "integrity": "sha512-+KmEgQMpO7FDL3klAcpXbQ4DPZvfCe0qSaBBrtT4vLF8V1JGm3sp+j7oibtxtOsLKz7nJMiK1pZExi7vjXu8og==",
      "cpu": [
        "arm64"
      ],
      "optional": true,
      "os": [
        "darwin"
      ],
      "engines": {
        "node": ">= 10"
      }
    },
    "node_modules/@chainsafe/hashtree-linux-arm64-gnu": {
      "version": "1.0.1",
      "resolved": "https://registry.npmjs.org/@chainsafe/hashtree-linux-arm64-gnu/-/hashtree-linux-arm64-gnu-1.0.1.tgz",
      "integrity": "sha512-p1hnhGq2aFY+Zhdn1Q6L/6yLYNKjqXfn/Pc8jiM0e3+Lf/hB+yCdqYVu1pto26BrZjugCFZfupHaL4DjUTDttw==",
      "cpu": [
        "arm64"
      ],
      "optional": true,
      "os": [
        "linux"
      ],
      "engines": {
        "node": ">= 10"
      }
    },
    "node_modules/@chainsafe/hashtree-linux-x64-gnu": {
      "version": "1.0.1",
      "resolved": "https://registry.npmjs.org/@chainsafe/hashtree-linux-x64-gnu/-/hashtree-linux-x64-gnu-1.0.1.tgz",
      "integrity": "sha512-uCIGuUWuWV0LiB4KLMy6JFa7Jp6NmPl3hKF5BYWu8TzUBe7vSXMZfqTzGxXPggFYN2/0KymfRdG9iDCOJfGRqg==",
      "cpu": [
        "x64"
      ],
      "optional": true,
      "os": [
        "linux"
      ],
      "engines": {
        "node": ">= 10"
      }
    },
    "node_modules/@chainsafe/lodestar-params": {
      "version": "0.39.0",
      "resolved": "https://registry.npmjs.org/@chainsafe/lodestar-params/-/lodestar-params-0.39.0.tgz",
      "integrity": "sha512-VzgTFkKSGpfnVSlQr8ueiwwcTIRn0LPE1hCr8KE4h3AHBWXQpomLgqjU8CKZZnDGfhsUv4cMbXIfD54HCuGPoA=="
    },
    "node_modules/@chainsafe/persistent-merkle-tree": {
      "version": "0.8.0",
      "resolved": "https://registry.npmjs.org/@chainsafe/persistent-merkle-tree/-/persistent-merkle-tree-0.8.0.tgz",
      "integrity": "sha512-hh6C1JO6SKlr0QGNTNtTLqgGVMA/Bc20wD6CeMHp+wqbFKCULRJuBUxhF4WDx/7mX8QlqF3nFriF/Eo8oYJ4/A==",
      "dependencies": {
        "@chainsafe/as-sha256": "0.5.0",
        "@chainsafe/hashtree": "1.0.1",
        "@noble/hashes": "^1.3.0"
      }
    },
    "node_modules/@chainsafe/ssz": {
      "version": "0.17.1",
      "resolved": "https://registry.npmjs.org/@chainsafe/ssz/-/ssz-0.17.1.tgz",
      "integrity": "sha512-1ay46QqYcVTBvUnDXTPTi5WTiENu7tIxpZGMDpUWps1/nYBmh/We/UoCF/jO+o/fkcDD3p8xQPlHbcCfy+jyjA==",
      "dependencies": {
        "@chainsafe/as-sha256": "0.5.0",
        "@chainsafe/persistent-merkle-tree": "0.8.0"
      }
    },
    "node_modules/@lodestar/config": {
      "version": "1.22.0",
      "resolved": "https://registry.npmjs.org/@lodestar/config/-/config-1.22.0.tgz",
      "integrity": "sha512-WgjR8oceKKuWU3EwU8+m5KMGGhIUJGTqDiVH8rZTS4L9ZS5OKbTbvKMdsi9hVXq8SWgukF7x2JfqPd4jdPSA1g==",
      "dependencies": {
        "@chainsafe/ssz": "^0.17.1",
        "@lodestar/params": "^1.22.0",
        "@lodestar/types": "^1.22.0"
      }
    },
    "node_modules/@lodestar/params": {
      "version": "1.22.0",
      "resolved": "https://registry.npmjs.org/@lodestar/params/-/params-1.22.0.tgz",
      "integrity": "sha512-wbbeQAG+4YOl1ATsSDJnx7wBk5FXsRl2OrmLkMnJXI67wqvRwWk8WQBx7wjx2hnWWrk0in4/8bTtHz3At1GydQ=="
    },
    "node_modules/@lodestar/types": {
      "version": "1.22.0",
      "resolved": "https://registry.npmjs.org/@lodestar/types/-/types-1.22.0.tgz",
      "integrity": "sha512-BB0zgiqmIYmpg1ifDJ4VW0Ka2vkdmM7ju7lAQLk1O666iGWLObhfrLzQ+LbZ8/0h+PnjpDMB55MJSffmnqCkGg==",
      "dependencies": {
        "@chainsafe/ssz": "^0.17.1",
        "@lodestar/params": "^1.22.0",
        "ethereum-cryptography": "^2.0.0"
      }
    },
    "node_modules/@noble/bls12-381": {
      "version": "1.4.0",
      "resolved": "https://registry.npmjs.org/@noble/bls12-381/-/bls12-381-1.4.0.tgz",
      "integrity": "sha512-mIYqC2jMX7Lcu1QtU/FFftMPDSXNCdlGex6BSf5nPojHjnzzBgs1klFWpB1R8YjqHmOO9xrCzF19f2c42+z3vg==",
      "deprecated": "Switch to @noble/curves for security updates",
      "funding": [
        {
          "type": "individual",
          "url": "https://paulmillr.com/funding/"
        }
      ]
    },
    "node_modules/@noble/curves": {
      "version": "1.4.2",
      "resolved": "https://registry.npmjs.org/@noble/curves/-/curves-1.4.2.tgz",
      "integrity": "sha512-TavHr8qycMChk8UwMld0ZDRvatedkzWfH8IiaeGCfymOP5i0hSCozz9vHOL0nkwk7HRMlFnAiKpS2jrUmSybcw==",
      "dependencies": {
        "@noble/hashes": "1.4.0"
      },
      "funding": {
        "url": "https://paulmillr.com/funding/"
      }
    },
    "node_modules/@noble/curves/node_modules/@noble/hashes": {
      "version": "1.4.0",
      "resolved": "https://registry.npmjs.org/@noble/hashes/-/hashes-1.4.0.tgz",
      "integrity": "sha512-V1JJ1WTRUqHHrOSh597hURcMqVKVGL/ea3kv0gSnEdsEZ0/+VyPghM1lMNGc00z7CIQorSvbKpuJkxvuHbvdbg==",
      "engines": {
        "node": ">= 16"
      },
      "funding": {
        "url": "https://paulmillr.com/funding/"
      }
    },
    "node_modules/@noble/hashes": {
      "version": "1.5.0",
      "resolved": "https://registry.npmjs.org/@noble/hashes/-/hashes-1.5.0.tgz",
      "integrity": "sha512-1j6kQFb7QRru7eKN3ZDvRcP13rugwdxZqCjbiAVZfIJwgj2A65UmT4TgARXGlXgnRkORLTDTrO19ZErt7+QXgA==",
      "engines": {
        "node": "^14.21.3 || >=16"
      },
      "funding": {
        "url": "https://paulmillr.com/funding/"
      }
    },
    "node_modules/@scure/base": {
      "version": "1.1.9",
      "resolved": "https://registry.npmjs.org/@scure/base/-/base-1.1.9.tgz",
      "integrity": "sha512-8YKhl8GHiNI/pU2VMaofa2Tor7PJRAjwQLBBuilkJ9L5+13yVbC7JO/wS7piioAvPSwR3JKM1IJ/u4xQzbcXKg==",
      "funding": {
        "url": "https://paulmillr.com/funding/"
      }
    },
    "node_modules/@scure/bip32": {
      "version": "1.4.0",
      "resolved": "https://registry.npmjs.org/@scure/bip32/-/bip32-1.4.0.tgz",
      "integrity": "sha512-sVUpc0Vq3tXCkDGYVWGIZTRfnvu8LoTDaev7vbwh0omSvVORONr960MQWdKqJDCReIEmTj3PAr73O3aoxz7OPg==",
      "dependencies": {
        "@noble/curves": "~1.4.0",
        "@noble/hashes": "~1.4.0",
        "@scure/base": "~1.1.6"
      },
      "funding": {
        "url": "https://paulmillr.com/funding/"
      }
    },
    "node_modules/@scure/bip32/node_modules/@noble/hashes": {
      "version": "1.4.0",
      "resolved": "https://registry.npmjs.org/@noble/hashes/-/hashes-1.4.0.tgz",
      "integrity": "sha512-V1JJ1WTRUqHHrOSh597hURcMqVKVGL/ea3kv0gSnEdsEZ0/+VyPghM1lMNGc00z7CIQorSvbKpuJkxvuHbvdbg==",
      "engines": {
        "node": ">= 16"
      },
      "funding": {
        "url": "https://paulmillr.com/funding/"
      }
    },
    "node_modules/@scure/bip39": {
      "version": "1.4.0",
      "resolved": "https://registry.npmjs.org/@scure/bip39/-/bip39-1.4.0.tgz",
      "integrity": "sha512-BEEm6p8IueV/ZTfQLp/0vhw4NPnT9oWf5+28nvmeUICjP99f4vr2d+qc7AVGDDtwRep6ifR43Yed9ERVmiITzw==",
      "dependencies": {
        "@noble/hashes": "~1.5.0",
        "@scure/base": "~1.1.8"
      },
      "funding": {
        "url": "https://paulmillr.com/funding/"
      }
    },
    "node_modules/@types/commander": {
      "version": "2.12.2",
      "resolved": "https://registry.npmjs.org/@types/commander/-/commander-2.12.2.tgz",
      "integrity": "sha512-0QEFiR8ljcHp9bAbWxecjVRuAMr16ivPiGOw6KFQBVrVd0RQIcM3xKdRisH2EDWgVWujiYtHwhSkSUoAAGzH7Q==",
      "deprecated": "This is a stub types definition for commander (https://github.com/tj/commander.js). commander provides its own type definitions, so you don't need @types/commander installed!",
      "dev": true,
      "dependencies": {
        "commander": "*"
      }
    },
    "node_modules/@types/node": {
      "version": "22.7.4",
      "resolved": "https://registry.npmjs.org/@types/node/-/node-22.7.4.tgz",
      "integrity": "sha512-y+NPi1rFzDs1NdQHHToqeiX2TIS79SWEAw9GYhkkx8bD0ChpfqC+n2j5OXOCpzfojBEBt6DnEnnG9MY0zk1XLg==",
      "dev": true,
      "dependencies": {
        "undici-types": "~6.19.2"
      }
    },
    "node_modules/asynckit": {
      "version": "0.4.0",
      "resolved": "https://registry.npmjs.org/asynckit/-/asynckit-0.4.0.tgz",
      "integrity": "sha512-Oei9OH4tRh0YqU3GxhX79dM/mwVgvbZJaSNaRk+bshkj0S5cfHcgYakreBjrHwatXKbz+IoIdYLxrKim2MjW0Q=="
    },
    "node_modules/axios": {
      "version": "1.7.7",
      "resolved": "https://registry.npmjs.org/axios/-/axios-1.7.7.tgz",
      "integrity": "sha512-S4kL7XrjgBmvdGut0sN3yJxqYzrDOnivkBiN0OFs6hLiUam3UPvswUo0kqGyhqUZGEOytHyumEdXsAkgCOUf3Q==",
      "dependencies": {
        "follow-redirects": "^1.15.6",
        "form-data": "^4.0.0",
        "proxy-from-env": "^1.1.0"
      }
    },
    "node_modules/bls-eth-wasm": {
      "version": "0.4.8",
      "resolved": "https://registry.npmjs.org/bls-eth-wasm/-/bls-eth-wasm-0.4.8.tgz",
      "integrity": "sha512-ye7+G6KFLb3i9xSrLASAoYqOUK5WLB6XA5DD8Sh0UQpZ3T999ylsYbFdoOJpmvTDuBuMi23Vy8Jm0pn/GF01CA=="
    },
    "node_modules/combined-stream": {
      "version": "1.0.8",
      "resolved": "https://registry.npmjs.org/combined-stream/-/combined-stream-1.0.8.tgz",
      "integrity": "sha512-FQN4MRfuJeHf7cBbBMJFXhKSDq+2kAArBlmRBvcvFE5BB1HZKXtSFASDhdlz9zOYwxh8lDdnvmMOe/+5cdoEdg==",
      "dependencies": {
        "delayed-stream": "~1.0.0"
      },
      "engines": {
        "node": ">= 0.8"
      }
    },
    "node_modules/commander": {
      "version": "11.1.0",
      "resolved": "https://registry.npmjs.org/commander/-/commander-11.1.0.tgz",
      "integrity": "sha512-yPVavfyCcRhmorC7rWlkHn15b4wDVgVmBA7kV4QVBsF7kv/9TKJAbAXVTxvTnwP8HHKjRCJDClKbciiYS7p0DQ==",
      "engines": {
        "node": ">=16"
      }
    },
    "node_modules/delayed-stream": {
      "version": "1.0.0",
      "resolved": "https://registry.npmjs.org/delayed-stream/-/delayed-stream-1.0.0.tgz",
      "integrity": "sha512-ZySD7Nf91aLB0RxL4KGrKHBXl7Eds1DAmEdcoVawXnLD7SDhpNgtuII2aAkg7a7QS41jxPSZ17p4VdGnMHk3MQ==",
      "engines": {
        "node": ">=0.4.0"
      }
    },
    "node_modules/ethereum-cryptography": {
      "version": "2.2.1",
      "resolved": "https://registry.npmjs.org/ethereum-cryptography/-/ethereum-cryptography-2.2.1.tgz",
      "integrity": "sha512-r/W8lkHSiTLxUxW8Rf3u4HGB0xQweG2RyETjywylKZSzLWoWAijRz8WCuOtJ6wah+avllXBqZuk29HCCvhEIRg==",
      "dependencies": {
        "@noble/curves": "1.4.2",
        "@noble/hashes": "1.4.0",
        "@scure/bip32": "1.4.0",
        "@scure/bip39": "1.3.0"
      }
    },
    "node_modules/ethereum-cryptography/node_modules/@noble/hashes": {
      "version": "1.4.0",
      "resolved": "https://registry.npmjs.org/@noble/hashes/-/hashes-1.4.0.tgz",
      "integrity": "sha512-V1JJ1WTRUqHHrOSh597hURcMqVKVGL/ea3kv0gSnEdsEZ0/+VyPghM1lMNGc00z7CIQorSvbKpuJkxvuHbvdbg==",
      "engines": {
        "node": ">= 16"
      },
      "funding": {
        "url": "https://paulmillr.com/funding/"
      }
    },
    "node_modules/ethereum-cryptography/node_modules/@scure/bip39": {
      "version": "1.3.0",
      "resolved": "https://registry.npmjs.org/@scure/bip39/-/bip39-1.3.0.tgz",
      "integrity": "sha512-disdg7gHuTDZtY+ZdkmLpPCk7fxZSu3gBiEGuoC1XYxv9cGx3Z6cpTggCgW6odSOOIXCiDjuGejW+aJKCY/pIQ==",
      "dependencies": {
        "@noble/hashes": "~1.4.0",
        "@scure/base": "~1.1.6"
      },
      "funding": {
        "url": "https://paulmillr.com/funding/"
      }
    },
    "node_modules/follow-redirects": {
      "version": "1.15.9",
      "resolved": "https://registry.npmjs.org/follow-redirects/-/follow-redirects-1.15.9.tgz",
      "integrity": "sha512-gew4GsXizNgdoRyqmyfMHyAmXsZDk6mHkSxZFCzW9gwlbtOW44CDtYavM+y+72qD/Vq2l550kMF52DT8fOLJqQ==",
      "funding": [
        {
          "type": "individual",
          "url": "https://github.com/sponsors/RubenVerborgh"
        }
      ],
      "engines": {
        "node": ">=4.0"
      },
      "peerDependenciesMeta": {
        "debug": {
          "optional": true
        }
      }
    },
    "node_modules/form-data": {
      "version": "4.0.0",
      "resolved": "https://registry.npmjs.org/form-data/-/form-data-4.0.0.tgz",
      "integrity": "sha512-ETEklSGi5t0QMZuiXoA/Q6vcnxcLQP5vdugSpuAyi6SVGi2clPPp+xgEhuMaHC+zGgn31Kd235W35f7Hykkaww==",
      "dependencies": {
        "asynckit": "^0.4.0",
        "combined-stream": "^1.0.8",
        "mime-types": "^2.1.12"
      },
      "engines": {
        "node": ">= 6"
      }
    },
    "node_modules/mime-db": {
      "version": "1.52.0",
      "resolved": "https://registry.npmjs.org/mime-db/-/mime-db-1.52.0.tgz",
      "integrity": "sha512-sPU4uV7dYlvtWJxwwxHD0PuihVNiE7TyAbQ5SWxDCB9mUYvOgroQOwYQQOKPJ8CIbE+1ETVlOoK1UC2nU3gYvg==",
      "engines": {
        "node": ">= 0.6"
      }
    },
    "node_modules/mime-types": {
      "version": "2.1.35",
      "resolved": "https://registry.npmjs.org/mime-types/-/mime-types-2.1.35.tgz",
      "integrity": "sha512-ZDY+bPm5zTTF+YpCrAU9nK0UgICYPT0QtT1NZWFv4s++TNkcgVaT0g6+4R2uI4MjQjzysHB1zxuWL50hzaeXiw==",
      "dependencies": {
        "mime-db": "1.52.0"
      },
      "engines": {
        "node": ">= 0.6"
      }
    },
    "node_modules/proxy-from-env": {
      "version": "1.1.0",
      "resolved": "https://registry.npmjs.org/proxy-from-env/-/proxy-from-env-1.1.0.tgz",
      "integrity": "sha512-D+zkORCbA9f1tdWRK0RaCR3GPv50cMxcrz4X8k5LTSUD1Dkw47mKJEZQNunItRTkWwgtaUSo1RVFRIG9ZXiFYg=="
    },
    "node_modules/typescript": {
      "version": "5.6.2",
      "resolved": "https://registry.npmjs.org/typescript/-/typescript-5.6.2.tgz",
      "integrity": "sha512-NW8ByodCSNCwZeghjN3o+JX5OFH0Ojg6sadjEKY4huZ52TqbJTJnDo5+Tw98lSy63NZvi4n+ez5m2u5d4PkZyw==",
      "dev": true,
      "bin": {
        "tsc": "bin/tsc",
        "tsserver": "bin/tsserver"
      },
      "engines": {
        "node": ">=14.17"
      }
    },
    "node_modules/undici-types": {
      "version": "6.19.8",
      "resolved": "https://registry.npmjs.org/undici-types/-/undici-types-6.19.8.tgz",
      "integrity": "sha512-ve2KP6f/JnbPBFyobGHuerC9g1FYGn/F8n1LWTwNxCEzd6IfqTwUQcNXgEtmmQ6DlRrC1hrSrBnCZPokRrDHjw==",
      "dev": true
    }
  }
}
